// !$*UTF8*$!
{
	archiveVersion = 1;
	classes = {
	};
	objectVersion = 50;
	objects = {

/* Begin PBXBuildFile section */
		32B6B915267250CC00F7B898 /* Feedback_SwiftUI_LimitedModalCapabilitiesApp.swift in Sources */ = {isa = PBXBuildFile; fileRef = 32B6B914267250CC00F7B898 /* Feedback_SwiftUI_LimitedModalCapabilitiesApp.swift */; };
		32B6B917267250CC00F7B898 /* ContentView.swift in Sources */ = {isa = PBXBuildFile; fileRef = 32B6B916267250CC00F7B898 /* ContentView.swift */; };
		32B6B919267250CE00F7B898 /* Assets.xcassets in Resources */ = {isa = PBXBuildFile; fileRef = 32B6B918267250CE00F7B898 /* Assets.xcassets */; };
		32B6B91C267250CE00F7B898 /* Preview Assets.xcassets in Resources */ = {isa = PBXBuildFile; fileRef = 32B6B91B267250CE00F7B898 /* Preview Assets.xcassets */; };
		32B6B93C267251DF00F7B898 /* OverlayTest.swift in Sources */ = {isa = PBXBuildFile; fileRef = 32B6B934267251DF00F7B898 /* OverlayTest.swift */; };
		32B6B93D267251DF00F7B898 /* PresentAsModalModifier.swift in Sources */ = {isa = PBXBuildFile; fileRef = 32B6B936267251DF00F7B898 /* PresentAsModalModifier.swift */; };
		32B6B93E267251DF00F7B898 /* PresentAsModalTest.swift in Sources */ = {isa = PBXBuildFile; fileRef = 32B6B937267251DF00F7B898 /* PresentAsModalTest.swift */; };
		32B6B93F267251DF00F7B898 /* Preview Assets.xcassets in Resources */ = {isa = PBXBuildFile; fileRef = 32B6B939267251DF00F7B898 /* Preview Assets.xcassets */; };
		32B6B940267251DF00F7B898 /* MessageView.swift in Sources */ = {isa = PBXBuildFile; fileRef = 32B6B93B267251DF00F7B898 /* MessageView.swift */; };
		32B6B9432672521F00F7B898 /* ZStackModal.swift in Sources */ = {isa = PBXBuildFile; fileRef = 32B6B9422672521F00F7B898 /* ZStackModal.swift */; };
		32B6B946267253B400F7B898 /* SheetExample.swift in Sources */ = {isa = PBXBuildFile; fileRef = 32B6B945267253B400F7B898 /* SheetExample.swift */; };
		32B6B949267256E100F7B898 /* FullScreenCoverExample.swift in Sources */ = {isa = PBXBuildFile; fileRef = 32B6B948267256E100F7B898 /* FullScreenCoverExample.swift */; };
		32B6B94C267282ED00F7B898 /* BasicButtonStyle.swift in Sources */ = {isa = PBXBuildFile; fileRef = 32B6B94B267282ED00F7B898 /* BasicButtonStyle.swift */; };
/* End PBXBuildFile section */

/* Begin PBXFileReference section */
		32B6B911267250CC00F7B898 /* Feedback-SwiftUI-LimitedModalCapabilities.app */ = {isa = PBXFileReference; explicitFileType = wrapper.application; includeInIndex = 0; path = "Feedback-SwiftUI-LimitedModalCapabilities.app"; sourceTree = BUILT_PRODUCTS_DIR; };
		32B6B914267250CC00F7B898 /* Feedback_SwiftUI_LimitedModalCapabilitiesApp.swift */ = {isa = PBXFileReference; lastKnownFileType = sourcecode.swift; path = Feedback_SwiftUI_LimitedModalCapabilitiesApp.swift; sourceTree = "<group>"; };
		32B6B916267250CC00F7B898 /* ContentView.swift */ = {isa = PBXFileReference; lastKnownFileType = sourcecode.swift; path = ContentView.swift; sourceTree = "<group>"; };
		32B6B918267250CE00F7B898 /* Assets.xcassets */ = {isa = PBXFileReference; lastKnownFileType = folder.assetcatalog; path = Assets.xcassets; sourceTree = "<group>"; };
		32B6B91B267250CE00F7B898 /* Preview Assets.xcassets */ = {isa = PBXFileReference; lastKnownFileType = folder.assetcatalog; path = "Preview Assets.xcassets"; sourceTree = "<group>"; };
		32B6B91D267250CE00F7B898 /* Info.plist */ = {isa = PBXFileReference; lastKnownFileType = text.plist.xml; path = Info.plist; sourceTree = "<group>"; };
		32B6B934267251DF00F7B898 /* OverlayTest.swift */ = {isa = PBXFileReference; fileEncoding = 4; lastKnownFileType = sourcecode.swift; path = OverlayTest.swift; sourceTree = "<group>"; };
		32B6B936267251DF00F7B898 /* PresentAsModalModifier.swift */ = {isa = PBXFileReference; fileEncoding = 4; lastKnownFileType = sourcecode.swift; path = PresentAsModalModifier.swift; sourceTree = "<group>"; };
		32B6B937267251DF00F7B898 /* PresentAsModalTest.swift */ = {isa = PBXFileReference; fileEncoding = 4; lastKnownFileType = sourcecode.swift; path = PresentAsModalTest.swift; sourceTree = "<group>"; };
		32B6B939267251DF00F7B898 /* Preview Assets.xcassets */ = {isa = PBXFileReference; lastKnownFileType = folder.assetcatalog; path = "Preview Assets.xcassets"; sourceTree = "<group>"; };
		32B6B93B267251DF00F7B898 /* MessageView.swift */ = {isa = PBXFileReference; fileEncoding = 4; lastKnownFileType = sourcecode.swift; path = MessageView.swift; sourceTree = "<group>"; };
		32B6B9422672521F00F7B898 /* ZStackModal.swift */ = {isa = PBXFileReference; fileEncoding = 4; lastKnownFileType = sourcecode.swift; path = ZStackModal.swift; sourceTree = "<group>"; };
		32B6B945267253B400F7B898 /* SheetExample.swift */ = {isa = PBXFileReference; lastKnownFileType = sourcecode.swift; path = SheetExample.swift; sourceTree = "<group>"; };
		32B6B948267256E100F7B898 /* FullScreenCoverExample.swift */ = {isa = PBXFileReference; lastKnownFileType = sourcecode.swift; path = FullScreenCoverExample.swift; sourceTree = "<group>"; };
		32B6B94A2672810200F7B898 /* README.md */ = {isa = PBXFileReference; lastKnownFileType = net.daringfireball.markdown; path = README.md; sourceTree = "<group>"; };
		32B6B94B267282ED00F7B898 /* BasicButtonStyle.swift */ = {isa = PBXFileReference; lastKnownFileType = sourcecode.swift; path = BasicButtonStyle.swift; sourceTree = "<group>"; };
/* End PBXFileReference section */

/* Begin PBXFrameworksBuildPhase section */
		32B6B90E267250CC00F7B898 /* Frameworks */ = {
			isa = PBXFrameworksBuildPhase;
			buildActionMask = 2147483647;
			files = (
			);
			runOnlyForDeploymentPostprocessing = 0;
		};
/* End PBXFrameworksBuildPhase section */

/* Begin PBXGroup section */
		32B6B908267250CC00F7B898 = {
			isa = PBXGroup;
			children = (
				32B6B94A2672810200F7B898 /* README.md */,
				32B6B913267250CC00F7B898 /* Feedback-SwiftUI-LimitedModalCapabilities */,
				32B6B912267250CC00F7B898 /* Products */,
			);
			sourceTree = "<group>";
		};
		32B6B912267250CC00F7B898 /* Products */ = {
			isa = PBXGroup;
			children = (
				32B6B911267250CC00F7B898 /* Feedback-SwiftUI-LimitedModalCapabilities.app */,
			);
			name = Products;
			sourceTree = "<group>";
		};
		32B6B913267250CC00F7B898 /* Feedback-SwiftUI-LimitedModalCapabilities */ = {
			isa = PBXGroup;
			children = (
				32B6B914267250CC00F7B898 /* Feedback_SwiftUI_LimitedModalCapabilitiesApp.swift */,
				32B6B916267250CC00F7B898 /* ContentView.swift */,
				32B6B947267256C800F7B898 /* FullScreenCover */,
				32B6B933267251DF00F7B898 /* Overlay */,
				32B6B935267251DF00F7B898 /* PresentAsModal */,
				32B6B9442672537300F7B898 /* Sheet */,
				32B6B9412672521F00F7B898 /* ZStack */,
				32B6B93A267251DF00F7B898 /* Shared */,
				32B6B938267251DF00F7B898 /* Preview Content */,
				32B6B918267250CE00F7B898 /* Assets.xcassets */,
				32B6B91D267250CE00F7B898 /* Info.plist */,
				32B6B91A267250CE00F7B898 /* Preview Content */,
			);
			path = "Feedback-SwiftUI-LimitedModalCapabilities";
			sourceTree = "<group>";
		};
		32B6B91A267250CE00F7B898 /* Preview Content */ = {
			isa = PBXGroup;
			children = (
				32B6B91B267250CE00F7B898 /* Preview Assets.xcassets */,
			);
			path = "Preview Content";
			sourceTree = "<group>";
		};
		32B6B933267251DF00F7B898 /* Overlay */ = {
			isa = PBXGroup;
			children = (
				32B6B934267251DF00F7B898 /* OverlayTest.swift */,
			);
			path = Overlay;
			sourceTree = "<group>";
		};
		32B6B935267251DF00F7B898 /* PresentAsModal */ = {
			isa = PBXGroup;
			children = (
				32B6B936267251DF00F7B898 /* PresentAsModalModifier.swift */,
				32B6B937267251DF00F7B898 /* PresentAsModalTest.swift */,
			);
			path = PresentAsModal;
			sourceTree = "<group>";
		};
		32B6B938267251DF00F7B898 /* Preview Content */ = {
			isa = PBXGroup;
			children = (
				32B6B939267251DF00F7B898 /* Preview Assets.xcassets */,
			);
			name = "Preview Content";
			path = "../../../Experiments/SwiftUIPresentAsModal/SwiftUIPresentAsModal/Preview Content";
			sourceTree = "<group>";
		};
		32B6B93A267251DF00F7B898 /* Shared */ = {
			isa = PBXGroup;
			children = (
				32B6B93B267251DF00F7B898 /* MessageView.swift */,
				32B6B94B267282ED00F7B898 /* BasicButtonStyle.swift */,
			);
			path = Shared;
			sourceTree = "<group>";
		};
		32B6B9412672521F00F7B898 /* ZStack */ = {
			isa = PBXGroup;
			children = (
				32B6B9422672521F00F7B898 /* ZStackModal.swift */,
			);
			path = ZStack;
			sourceTree = "<group>";
		};
		32B6B9442672537300F7B898 /* Sheet */ = {
			isa = PBXGroup;
			children = (
				32B6B945267253B400F7B898 /* SheetExample.swift */,
			);
			path = Sheet;
			sourceTree = "<group>";
		};
		32B6B947267256C800F7B898 /* FullScreenCover */ = {
			isa = PBXGroup;
			children = (
				32B6B948267256E100F7B898 /* FullScreenCoverExample.swift */,
			);
			path = FullScreenCover;
			sourceTree = "<group>";
		};
/* End PBXGroup section */

/* Begin PBXNativeTarget section */
		32B6B910267250CC00F7B898 /* Feedback-SwiftUI-LimitedModalCapabilities */ = {
			isa = PBXNativeTarget;
			buildConfigurationList = 32B6B920267250CE00F7B898 /* Build configuration list for PBXNativeTarget "Feedback-SwiftUI-LimitedModalCapabilities" */;
			buildPhases = (
				32B6B90D267250CC00F7B898 /* Sources */,
				32B6B90E267250CC00F7B898 /* Frameworks */,
				32B6B90F267250CC00F7B898 /* Resources */,
			);
			buildRules = (
			);
			dependencies = (
			);
			name = "Feedback-SwiftUI-LimitedModalCapabilities";
			productName = "Feedback-SwiftUI-LimitedModalCapabilities";
			productReference = 32B6B911267250CC00F7B898 /* Feedback-SwiftUI-LimitedModalCapabilities.app */;
			productType = "com.apple.product-type.application";
		};
/* End PBXNativeTarget section */

/* Begin PBXProject section */
		32B6B909267250CC00F7B898 /* Project object */ = {
			isa = PBXProject;
			attributes = {
				LastSwiftUpdateCheck = 1250;
				LastUpgradeCheck = 1250;
				TargetAttributes = {
					32B6B910267250CC00F7B898 = {
						CreatedOnToolsVersion = 12.5;
					};
				};
			};
			buildConfigurationList = 32B6B90C267250CC00F7B898 /* Build configuration list for PBXProject "Feedback-SwiftUI-LimitedModalCapabilities" */;
			compatibilityVersion = "Xcode 9.3";
			developmentRegion = en;
			hasScannedForEncodings = 0;
			knownRegions = (
				en,
				Base,
			);
			mainGroup = 32B6B908267250CC00F7B898;
			productRefGroup = 32B6B912267250CC00F7B898 /* Products */;
			projectDirPath = "";
			projectRoot = "";
			targets = (
				32B6B910267250CC00F7B898 /* Feedback-SwiftUI-LimitedModalCapabilities */,
			);
		};
/* End PBXProject section */

/* Begin PBXResourcesBuildPhase section */
		32B6B90F267250CC00F7B898 /* Resources */ = {
			isa = PBXResourcesBuildPhase;
			buildActionMask = 2147483647;
			files = (
				32B6B91C267250CE00F7B898 /* Preview Assets.xcassets in Resources */,
				32B6B93F267251DF00F7B898 /* Preview Assets.xcassets in Resources */,
				32B6B919267250CE00F7B898 /* Assets.xcassets in Resources */,
			);
			runOnlyForDeploymentPostprocessing = 0;
		};
/* End PBXResourcesBuildPhase section */

/* Begin PBXSourcesBuildPhase section */
		32B6B90D267250CC00F7B898 /* Sources */ = {
			isa = PBXSourcesBuildPhase;
			buildActionMask = 2147483647;
			files = (
				32B6B9432672521F00F7B898 /* ZStackModal.swift in Sources */,
				32B6B940267251DF00F7B898 /* MessageView.swift in Sources */,
				32B6B946267253B400F7B898 /* SheetExample.swift in Sources */,
				32B6B93D267251DF00F7B898 /* PresentAsModalModifier.swift in Sources */,
				32B6B949267256E100F7B898 /* FullScreenCoverExample.swift in Sources */,
				32B6B93E267251DF00F7B898 /* PresentAsModalTest.swift in Sources */,
				32B6B93C267251DF00F7B898 /* OverlayTest.swift in Sources */,
				32B6B917267250CC00F7B898 /* ContentView.swift in Sources */,
				32B6B94C267282ED00F7B898 /* BasicButtonStyle.swift in Sources */,
				32B6B915267250CC00F7B898 /* Feedback_SwiftUI_LimitedModalCapabilitiesApp.swift in Sources */,
			);
			runOnlyForDeploymentPostprocessing = 0;
		};
/* End PBXSourcesBuildPhase section */

/* Begin XCBuildConfiguration section */
		32B6B91E267250CE00F7B898 /* Debug */ = {
			isa = XCBuildConfiguration;
			buildSettings = {
				ALWAYS_SEARCH_USER_PATHS = NO;
				CLANG_ANALYZER_NONNULL = YES;
				CLANG_ANALYZER_NUMBER_OBJECT_CONVERSION = YES_AGGRESSIVE;
				CLANG_CXX_LANGUAGE_STANDARD = "gnu++14";
				CLANG_CXX_LIBRARY = "libc++";
				CLANG_ENABLE_MODULES = YES;
				CLANG_ENABLE_OBJC_ARC = YES;
				CLANG_ENABLE_OBJC_WEAK = YES;
				CLANG_WARN_BLOCK_CAPTURE_AUTORELEASING = YES;
				CLANG_WARN_BOOL_CONVERSION = YES;
				CLANG_WARN_COMMA = YES;
				CLANG_WARN_CONSTANT_CONVERSION = YES;
				CLANG_WARN_DEPRECATED_OBJC_IMPLEMENTATIONS = YES;
				CLANG_WARN_DIRECT_OBJC_ISA_USAGE = YES_ERROR;
				CLANG_WARN_DOCUMENTATION_COMMENTS = YES;
				CLANG_WARN_EMPTY_BODY = YES;
				CLANG_WARN_ENUM_CONVERSION = YES;
				CLANG_WARN_INFINITE_RECURSION = YES;
				CLANG_WARN_INT_CONVERSION = YES;
				CLANG_WARN_NON_LITERAL_NULL_CONVERSION = YES;
				CLANG_WARN_OBJC_IMPLICIT_RETAIN_SELF = YES;
				CLANG_WARN_OBJC_LITERAL_CONVERSION = YES;
				CLANG_WARN_OBJC_ROOT_CLASS = YES_ERROR;
				CLANG_WARN_QUOTED_INCLUDE_IN_FRAMEWORK_HEADER = YES;
				CLANG_WARN_RANGE_LOOP_ANALYSIS = YES;
				CLANG_WARN_STRICT_PROTOTYPES = YES;
				CLANG_WARN_SUSPICIOUS_MOVE = YES;
				CLANG_WARN_UNGUARDED_AVAILABILITY = YES_AGGRESSIVE;
				CLANG_WARN_UNREACHABLE_CODE = YES;
				CLANG_WARN__DUPLICATE_METHOD_MATCH = YES;
				COPY_PHASE_STRIP = NO;
				DEBUG_INFORMATION_FORMAT = dwarf;
				ENABLE_STRICT_OBJC_MSGSEND = YES;
				ENABLE_TESTABILITY = YES;
				GCC_C_LANGUAGE_STANDARD = gnu11;
				GCC_DYNAMIC_NO_PIC = NO;
				GCC_NO_COMMON_BLOCKS = YES;
				GCC_OPTIMIZATION_LEVEL = 0;
				GCC_PREPROCESSOR_DEFINITIONS = (
					"DEBUG=1",
					"$(inherited)",
				);
				GCC_WARN_64_TO_32_BIT_CONVERSION = YES;
				GCC_WARN_ABOUT_RETURN_TYPE = YES_ERROR;
				GCC_WARN_UNDECLARED_SELECTOR = YES;
				GCC_WARN_UNINITIALIZED_AUTOS = YES_AGGRESSIVE;
				GCC_WARN_UNUSED_FUNCTION = YES;
				GCC_WARN_UNUSED_VARIABLE = YES;
				IPHONEOS_DEPLOYMENT_TARGET = 14.5;
				MTL_ENABLE_DEBUG_INFO = INCLUDE_SOURCE;
				MTL_FAST_MATH = YES;
				ONLY_ACTIVE_ARCH = YES;
				SDKROOT = iphoneos;
				SWIFT_ACTIVE_COMPILATION_CONDITIONS = DEBUG;
				SWIFT_OPTIMIZATION_LEVEL = "-Onone";
			};
			name = Debug;
		};
		32B6B91F267250CE00F7B898 /* Release */ = {
			isa = XCBuildConfiguration;
			buildSettings = {
				ALWAYS_SEARCH_USER_PATHS = NO;
				CLANG_ANALYZER_NONNULL = YES;
				CLANG_ANALYZER_NUMBER_OBJECT_CONVERSION = YES_AGGRESSIVE;
				CLANG_CXX_LANGUAGE_STANDARD = "gnu++14";
				CLANG_CXX_LIBRARY = "libc++";
				CLANG_ENABLE_MODULES = YES;
				CLANG_ENABLE_OBJC_ARC = YES;
				CLANG_ENABLE_OBJC_WEAK = YES;
				CLANG_WARN_BLOCK_CAPTURE_AUTORELEASING = YES;
				CLANG_WARN_BOOL_CONVERSION = YES;
				CLANG_WARN_COMMA = YES;
				CLANG_WARN_CONSTANT_CONVERSION = YES;
				CLANG_WARN_DEPRECATED_OBJC_IMPLEMENTATIONS = YES;
				CLANG_WARN_DIRECT_OBJC_ISA_USAGE = YES_ERROR;
				CLANG_WARN_DOCUMENTATION_COMMENTS = YES;
				CLANG_WARN_EMPTY_BODY = YES;
				CLANG_WARN_ENUM_CONVERSION = YES;
				CLANG_WARN_INFINITE_RECURSION = YES;
				CLANG_WARN_INT_CONVERSION = YES;
				CLANG_WARN_NON_LITERAL_NULL_CONVERSION = YES;
				CLANG_WARN_OBJC_IMPLICIT_RETAIN_SELF = YES;
				CLANG_WARN_OBJC_LITERAL_CONVERSION = YES;
				CLANG_WARN_OBJC_ROOT_CLASS = YES_ERROR;
				CLANG_WARN_QUOTED_INCLUDE_IN_FRAMEWORK_HEADER = YES;
				CLANG_WARN_RANGE_LOOP_ANALYSIS = YES;
				CLANG_WARN_STRICT_PROTOTYPES = YES;
				CLANG_WARN_SUSPICIOUS_MOVE = YES;
				CLANG_WARN_UNGUARDED_AVAILABILITY = YES_AGGRESSIVE;
				CLANG_WARN_UNREACHABLE_CODE = YES;
				CLANG_WARN__DUPLICATE_METHOD_MATCH = YES;
				COPY_PHASE_STRIP = NO;
				DEBUG_INFORMATION_FORMAT = "dwarf-with-dsym";
				ENABLE_NS_ASSERTIONS = NO;
				ENABLE_STRICT_OBJC_MSGSEND = YES;
				GCC_C_LANGUAGE_STANDARD = gnu11;
				GCC_NO_COMMON_BLOCKS = YES;
				GCC_WARN_64_TO_32_BIT_CONVERSION = YES;
				GCC_WARN_ABOUT_RETURN_TYPE = YES_ERROR;
				GCC_WARN_UNDECLARED_SELECTOR = YES;
				GCC_WARN_UNINITIALIZED_AUTOS = YES_AGGRESSIVE;
				GCC_WARN_UNUSED_FUNCTION = YES;
				GCC_WARN_UNUSED_VARIABLE = YES;
				IPHONEOS_DEPLOYMENT_TARGET = 14.5;
				MTL_ENABLE_DEBUG_INFO = NO;
				MTL_FAST_MATH = YES;
				SDKROOT = iphoneos;
				SWIFT_COMPILATION_MODE = wholemodule;
				SWIFT_OPTIMIZATION_LEVEL = "-O";
				VALIDATE_PRODUCT = YES;
			};
			name = Release;
		};
		32B6B921267250CE00F7B898 /* Debug */ = {
			isa = XCBuildConfiguration;
			buildSettings = {
				ASSETCATALOG_COMPILER_APPICON_NAME = AppIcon;
				ASSETCATALOG_COMPILER_GLOBAL_ACCENT_COLOR_NAME = AccentColor;
				CODE_SIGN_STYLE = Automatic;
				DEVELOPMENT_ASSET_PATHS = "\"Feedback-SwiftUI-LimitedModalCapabilities/Preview Content\"";
				DEVELOPMENT_TEAM = RZAZR374R3;
				ENABLE_PREVIEWS = YES;
				INFOPLIST_FILE = "Feedback-SwiftUI-LimitedModalCapabilities/Info.plist";
				IPHONEOS_DEPLOYMENT_TARGET = 14.0;
				LD_RUNPATH_SEARCH_PATHS = (
					"$(inherited)",
					"@executable_path/Frameworks",
				);
				PRODUCT_BUNDLE_IDENTIFIER = "com.causticmango.Feedback-SwiftUI-LimitedModalCapabilities";
				PRODUCT_NAME = "$(TARGET_NAME)";
				SWIFT_VERSION = 5.0;
				TARGETED_DEVICE_FAMILY = "1,2";
			};
			name = Debug;
		};
		32B6B922267250CE00F7B898 /* Release */ = {
			isa = XCBuildConfiguration;
			buildSettings = {
				ASSETCATALOG_COMPILER_APPICON_NAME = AppIcon;
				ASSETCATALOG_COMPILER_GLOBAL_ACCENT_COLOR_NAME = AccentColor;
				CODE_SIGN_STYLE = Automatic;
				DEVELOPMENT_ASSET_PATHS = "\"Feedback-SwiftUI-LimitedModalCapabilities/Preview Content\"";
				DEVELOPMENT_TEAM = RZAZR374R3;
				ENABLE_PREVIEWS = YES;
				INFOPLIST_FILE = "Feedback-SwiftUI-LimitedModalCapabilities/Info.plist";
				IPHONEOS_DEPLOYMENT_TARGET = 14.0;
				LD_RUNPATH_SEARCH_PATHS = (
					"$(inherited)",
					"@executable_path/Frameworks",
				);
				PRODUCT_BUNDLE_IDENTIFIER = "com.causticmango.Feedback-SwiftUI-LimitedModalCapabilities";
				PRODUCT_NAME = "$(TARGET_NAME)";
				SWIFT_VERSION = 5.0;
				TARGETED_DEVICE_FAMILY = "1,2";
			};
			name = Release;
		};
/* End XCBuildConfiguration section */

/* Begin XCConfigurationList section */
		32B6B90C267250CC00F7B898 /* Build configuration list for PBXProject "Feedback-SwiftUI-LimitedModalCapabilities" */ = {
			isa = XCConfigurationList;
			buildConfigurations = (
				32B6B91E267250CE00F7B898 /* Debug */,
				32B6B91F267250CE00F7B898 /* Release */,
			);
			defaultConfigurationIsVisible = 0;
			defaultConfigurationName = Release;
		};
		32B6B920267250CE00F7B898 /* Build configuration list for PBXNativeTarget "Feedback-SwiftUI-LimitedModalCapabilities" */ = {
			isa = XCConfigurationList;
			buildConfigurations = (
				32B6B921267250CE00F7B898 /* Debug */,
				32B6B922267250CE00F7B898 /* Release */,
			);
			defaultConfigurationIsVisible = 0;
			defaultConfigurationName = Release;
		};
/* End XCConfigurationList section */
	};
	rootObject = 32B6B909267250CC00F7B898 /* Project object */;
}
